// !$*UTF8*$!
{
	archiveVersion = 1;
	classes = {
	};
	objectVersion = 56;
	objects = {

/* Begin PBXBuildFile section */
		873199EA2A89E7A600A22A75 /* AppDelegate.swift in Sources */ = {isa = PBXBuildFile; fileRef = 873199E92A89E7A600A22A75 /* AppDelegate.swift */; };
		873199EC2A89E7A600A22A75 /* SceneDelegate.swift in Sources */ = {isa = PBXBuildFile; fileRef = 873199EB2A89E7A600A22A75 /* SceneDelegate.swift */; };
		873199EE2A89E7A600A22A75 /* HomeViewController.swift in Sources */ = {isa = PBXBuildFile; fileRef = 873199ED2A89E7A600A22A75 /* HomeViewController.swift */; };
		873199F12A89E7A600A22A75 /* Main.storyboard in Resources */ = {isa = PBXBuildFile; fileRef = 873199EF2A89E7A600A22A75 /* Main.storyboard */; };
		873199F32A89E7A700A22A75 /* Assets.xcassets in Resources */ = {isa = PBXBuildFile; fileRef = 873199F22A89E7A700A22A75 /* Assets.xcassets */; };
		873199F62A89E7A700A22A75 /* LaunchScreen.storyboard in Resources */ = {isa = PBXBuildFile; fileRef = 873199F42A89E7A700A22A75 /* LaunchScreen.storyboard */; };
		87319A032A89F5E900A22A75 /* ExploreViewController.swift in Sources */ = {isa = PBXBuildFile; fileRef = 87319A022A89F5E900A22A75 /* ExploreViewController.swift */; };
		87319A052A89F65E00A22A75 /* CameraViewController.swift in Sources */ = {isa = PBXBuildFile; fileRef = 87319A042A89F65E00A22A75 /* CameraViewController.swift */; };
		87319A072A89F66F00A22A75 /* NotificationViewController.swift in Sources */ = {isa = PBXBuildFile; fileRef = 87319A062A89F66F00A22A75 /* NotificationViewController.swift */; };
		87319A092A89F69B00A22A75 /* ProfileViewController.swift in Sources */ = {isa = PBXBuildFile; fileRef = 87319A082A89F69B00A22A75 /* ProfileViewController.swift */; };
		87319A0E2A89F7E300A22A75 /* LoginViewController.swift in Sources */ = {isa = PBXBuildFile; fileRef = 87319A0D2A89F7E300A22A75 /* LoginViewController.swift */; };
		87319A102A89F7F300A22A75 /* RegistrationViewController.swift in Sources */ = {isa = PBXBuildFile; fileRef = 87319A0F2A89F7F300A22A75 /* RegistrationViewController.swift */; };
		87319A122A89F89700A22A75 /* PostViewController.swift in Sources */ = {isa = PBXBuildFile; fileRef = 87319A112A89F89700A22A75 /* PostViewController.swift */; };
		87319A142A89F8AE00A22A75 /* EditProfileViewController.swift in Sources */ = {isa = PBXBuildFile; fileRef = 87319A132A89F8AE00A22A75 /* EditProfileViewController.swift */; };
		87319A162A89F8D300A22A75 /* SettingsViewController.swift in Sources */ = {isa = PBXBuildFile; fileRef = 87319A152A89F8D300A22A75 /* SettingsViewController.swift */; };
		87319A182A89F8EE00A22A75 /* ListViewController.swift in Sources */ = {isa = PBXBuildFile; fileRef = 87319A172A89F8EE00A22A75 /* ListViewController.swift */; };
		87319A1A2A89F8FF00A22A75 /* SearchViewController.swift in Sources */ = {isa = PBXBuildFile; fileRef = 87319A192A89F8FF00A22A75 /* SearchViewController.swift */; };
		87319A1C2A89F91E00A22A75 /* SearchResultViewController.swift in Sources */ = {isa = PBXBuildFile; fileRef = 87319A1B2A89F91E00A22A75 /* SearchResultViewController.swift */; };
		87319A1E2A89FA8400A22A75 /* PostEditorViewController.swift in Sources */ = {isa = PBXBuildFile; fileRef = 87319A1D2A89FA8400A22A75 /* PostEditorViewController.swift */; };
		87319A202A89FA9800A22A75 /* PublishPostsViewController.swift in Sources */ = {isa = PBXBuildFile; fileRef = 87319A1F2A89FA9800A22A75 /* PublishPostsViewController.swift */; };
		875A923F2A8B54000048970C /* GoogleService-Info.plist in Resources */ = {isa = PBXBuildFile; fileRef = 875A923E2A8B54000048970C /* GoogleService-Info.plist */; };
		C502E4A17B695DB3DE05A524 /* Pods_Instagram.framework in Frameworks */ = {isa = PBXBuildFile; fileRef = 8E6480DFF7055DB465D11481 /* Pods_Instagram.framework */; };
/* End PBXBuildFile section */

/* Begin PBXFileReference section */
		873199E62A89E7A600A22A75 /* Instagram.app */ = {isa = PBXFileReference; explicitFileType = wrapper.application; includeInIndex = 0; path = Instagram.app; sourceTree = BUILT_PRODUCTS_DIR; };
		873199E92A89E7A600A22A75 /* AppDelegate.swift */ = {isa = PBXFileReference; lastKnownFileType = sourcecode.swift; path = AppDelegate.swift; sourceTree = "<group>"; };
		873199EB2A89E7A600A22A75 /* SceneDelegate.swift */ = {isa = PBXFileReference; lastKnownFileType = sourcecode.swift; path = SceneDelegate.swift; sourceTree = "<group>"; };
		873199ED2A89E7A600A22A75 /* HomeViewController.swift */ = {isa = PBXFileReference; lastKnownFileType = sourcecode.swift; path = HomeViewController.swift; sourceTree = "<group>"; };
		873199F02A89E7A600A22A75 /* Base */ = {isa = PBXFileReference; lastKnownFileType = file.storyboard; name = Base; path = Base.lproj/Main.storyboard; sourceTree = "<group>"; };
		873199F22A89E7A700A22A75 /* Assets.xcassets */ = {isa = PBXFileReference; lastKnownFileType = folder.assetcatalog; path = Assets.xcassets; sourceTree = "<group>"; };
		873199F52A89E7A700A22A75 /* Base */ = {isa = PBXFileReference; lastKnownFileType = file.storyboard; name = Base; path = Base.lproj/LaunchScreen.storyboard; sourceTree = "<group>"; };
		873199F72A89E7A700A22A75 /* Info.plist */ = {isa = PBXFileReference; lastKnownFileType = text.plist.xml; path = Info.plist; sourceTree = "<group>"; };
		87319A022A89F5E900A22A75 /* ExploreViewController.swift */ = {isa = PBXFileReference; lastKnownFileType = sourcecode.swift; path = ExploreViewController.swift; sourceTree = "<group>"; };
		87319A042A89F65E00A22A75 /* CameraViewController.swift */ = {isa = PBXFileReference; lastKnownFileType = sourcecode.swift; path = CameraViewController.swift; sourceTree = "<group>"; };
		87319A062A89F66F00A22A75 /* NotificationViewController.swift */ = {isa = PBXFileReference; lastKnownFileType = sourcecode.swift; path = NotificationViewController.swift; sourceTree = "<group>"; };
		87319A082A89F69B00A22A75 /* ProfileViewController.swift */ = {isa = PBXFileReference; lastKnownFileType = sourcecode.swift; path = ProfileViewController.swift; sourceTree = "<group>"; };
		87319A0D2A89F7E300A22A75 /* LoginViewController.swift */ = {isa = PBXFileReference; lastKnownFileType = sourcecode.swift; path = LoginViewController.swift; sourceTree = "<group>"; };
		87319A0F2A89F7F300A22A75 /* RegistrationViewController.swift */ = {isa = PBXFileReference; lastKnownFileType = sourcecode.swift; path = RegistrationViewController.swift; sourceTree = "<group>"; };
		87319A112A89F89700A22A75 /* PostViewController.swift */ = {isa = PBXFileReference; lastKnownFileType = sourcecode.swift; path = PostViewController.swift; sourceTree = "<group>"; };
		87319A132A89F8AE00A22A75 /* EditProfileViewController.swift */ = {isa = PBXFileReference; lastKnownFileType = sourcecode.swift; path = EditProfileViewController.swift; sourceTree = "<group>"; };
		87319A152A89F8D300A22A75 /* SettingsViewController.swift */ = {isa = PBXFileReference; lastKnownFileType = sourcecode.swift; path = SettingsViewController.swift; sourceTree = "<group>"; };
		87319A172A89F8EE00A22A75 /* ListViewController.swift */ = {isa = PBXFileReference; lastKnownFileType = sourcecode.swift; path = ListViewController.swift; sourceTree = "<group>"; };
		87319A192A89F8FF00A22A75 /* SearchViewController.swift */ = {isa = PBXFileReference; lastKnownFileType = sourcecode.swift; path = SearchViewController.swift; sourceTree = "<group>"; };
		87319A1B2A89F91E00A22A75 /* SearchResultViewController.swift */ = {isa = PBXFileReference; lastKnownFileType = sourcecode.swift; path = SearchResultViewController.swift; sourceTree = "<group>"; };
		87319A1D2A89FA8400A22A75 /* PostEditorViewController.swift */ = {isa = PBXFileReference; lastKnownFileType = sourcecode.swift; path = PostEditorViewController.swift; sourceTree = "<group>"; };
		87319A1F2A89FA9800A22A75 /* PublishPostsViewController.swift */ = {isa = PBXFileReference; lastKnownFileType = sourcecode.swift; path = PublishPostsViewController.swift; sourceTree = "<group>"; };
		875A923E2A8B54000048970C /* GoogleService-Info.plist */ = {isa = PBXFileReference; fileEncoding = 4; lastKnownFileType = text.plist.xml; path = "GoogleService-Info.plist"; sourceTree = "<group>"; };
		8E6480DFF7055DB465D11481 /* Pods_Instagram.framework */ = {isa = PBXFileReference; explicitFileType = wrapper.framework; includeInIndex = 0; path = Pods_Instagram.framework; sourceTree = BUILT_PRODUCTS_DIR; };
		C41EB25E8C5665B153843456 /* Pods-Instagram.debug.xcconfig */ = {isa = PBXFileReference; includeInIndex = 1; lastKnownFileType = text.xcconfig; name = "Pods-Instagram.debug.xcconfig"; path = "Target Support Files/Pods-Instagram/Pods-Instagram.debug.xcconfig"; sourceTree = "<group>"; };
		C98923646CE0E50971FE5B44 /* Pods-Instagram.release.xcconfig */ = {isa = PBXFileReference; includeInIndex = 1; lastKnownFileType = text.xcconfig; name = "Pods-Instagram.release.xcconfig"; path = "Target Support Files/Pods-Instagram/Pods-Instagram.release.xcconfig"; sourceTree = "<group>"; };
/* End PBXFileReference section */

/* Begin PBXFrameworksBuildPhase section */
		873199E32A89E7A600A22A75 /* Frameworks */ = {
			isa = PBXFrameworksBuildPhase;
			buildActionMask = 2147483647;
			files = (
				C502E4A17B695DB3DE05A524 /* Pods_Instagram.framework in Frameworks */,
			);
			runOnlyForDeploymentPostprocessing = 0;
		};
/* End PBXFrameworksBuildPhase section */

/* Begin PBXGroup section */
		873199DD2A89E7A600A22A75 = {
			isa = PBXGroup;
			children = (
				873199E82A89E7A600A22A75 /* Instagram */,
				873199E72A89E7A600A22A75 /* Products */,
				B67AD0AFC864B78D3AFD3183 /* Pods */,
				8E944C1D1128DFB791213DF9 /* Frameworks */,
			);
			sourceTree = "<group>";
		};
		873199E72A89E7A600A22A75 /* Products */ = {
			isa = PBXGroup;
			children = (
				873199E62A89E7A600A22A75 /* Instagram.app */,
			);
			name = Products;
			sourceTree = "<group>";
		};
		873199E82A89E7A600A22A75 /* Instagram */ = {
			isa = PBXGroup;
			children = (
				87319A002A89E9B800A22A75 /* Resources */,
				873199FF2A89E9B200A22A75 /* Models */,
				873199FE2A89E9A800A22A75 /* Views */,
				873199FD2A89E99800A22A75 /* Controllers */,
				873199F72A89E7A700A22A75 /* Info.plist */,
			);
			path = Instagram;
			sourceTree = "<group>";
		};
		873199FD2A89E99800A22A75 /* Controllers */ = {
			isa = PBXGroup;
			children = (
				87319A0B2A89F6F500A22A75 /* Other */,
				87319A0A2A89F6B200A22A75 /* Core Tabs */,
			);
			path = Controllers;
			sourceTree = "<group>";
		};
		873199FE2A89E9A800A22A75 /* Views */ = {
			isa = PBXGroup;
			children = (
				87319A012A89ED3800A22A75 /* Storyboard */,
				873199F22A89E7A700A22A75 /* Assets.xcassets */,
			);
			path = Views;
			sourceTree = "<group>";
		};
		873199FF2A89E9B200A22A75 /* Models */ = {
			isa = PBXGroup;
			children = (
			);
			path = Models;
			sourceTree = "<group>";
		};
		87319A002A89E9B800A22A75 /* Resources */ = {
			isa = PBXGroup;
			children = (
				875A923E2A8B54000048970C /* GoogleService-Info.plist */,
				873199E92A89E7A600A22A75 /* AppDelegate.swift */,
				873199EB2A89E7A600A22A75 /* SceneDelegate.swift */,
			);
			path = Resources;
			sourceTree = "<group>";
		};
		87319A012A89ED3800A22A75 /* Storyboard */ = {
			isa = PBXGroup;
			children = (
				873199EF2A89E7A600A22A75 /* Main.storyboard */,
				873199F42A89E7A700A22A75 /* LaunchScreen.storyboard */,
			);
			path = Storyboard;
			sourceTree = "<group>";
		};
		87319A0A2A89F6B200A22A75 /* Core Tabs */ = {
			isa = PBXGroup;
			children = (
				873199ED2A89E7A600A22A75 /* HomeViewController.swift */,
				87319A022A89F5E900A22A75 /* ExploreViewController.swift */,
				87319A042A89F65E00A22A75 /* CameraViewController.swift */,
				87319A062A89F66F00A22A75 /* NotificationViewController.swift */,
				87319A082A89F69B00A22A75 /* ProfileViewController.swift */,
			);
			path = "Core Tabs";
			sourceTree = "<group>";
		};
		87319A0B2A89F6F500A22A75 /* Other */ = {
			isa = PBXGroup;
			children = (
				87319A0C2A89F79A00A22A75 /* Onboarding */,
				87319A112A89F89700A22A75 /* PostViewController.swift */,
				87319A132A89F8AE00A22A75 /* EditProfileViewController.swift */,
				87319A152A89F8D300A22A75 /* SettingsViewController.swift */,
				87319A172A89F8EE00A22A75 /* ListViewController.swift */,
				87319A192A89F8FF00A22A75 /* SearchViewController.swift */,
				87319A1B2A89F91E00A22A75 /* SearchResultViewController.swift */,
				87319A1D2A89FA8400A22A75 /* PostEditorViewController.swift */,
				87319A1F2A89FA9800A22A75 /* PublishPostsViewController.swift */,
			);
			path = Other;
			sourceTree = "<group>";
		};
		87319A0C2A89F79A00A22A75 /* Onboarding */ = {
			isa = PBXGroup;
			children = (
				87319A0D2A89F7E300A22A75 /* LoginViewController.swift */,
				87319A0F2A89F7F300A22A75 /* RegistrationViewController.swift */,
			);
			path = Onboarding;
			sourceTree = "<group>";
		};
		8E944C1D1128DFB791213DF9 /* Frameworks */ = {
			isa = PBXGroup;
			children = (
				8E6480DFF7055DB465D11481 /* Pods_Instagram.framework */,
			);
			name = Frameworks;
			sourceTree = "<group>";
		};
		B67AD0AFC864B78D3AFD3183 /* Pods */ = {
			isa = PBXGroup;
			children = (
				C41EB25E8C5665B153843456 /* Pods-Instagram.debug.xcconfig */,
				C98923646CE0E50971FE5B44 /* Pods-Instagram.release.xcconfig */,
			);
			path = Pods;
			sourceTree = "<group>";
		};
/* End PBXGroup section */

/* Begin PBXNativeTarget section */
		873199E52A89E7A600A22A75 /* Instagram */ = {
			isa = PBXNativeTarget;
			buildConfigurationList = 873199FA2A89E7A700A22A75 /* Build configuration list for PBXNativeTarget "Instagram" */;
			buildPhases = (
				6291A092FD41B9CFFE4BCC33 /* [CP] Check Pods Manifest.lock */,
				873199E22A89E7A600A22A75 /* Sources */,
				873199E32A89E7A600A22A75 /* Frameworks */,
				873199E42A89E7A600A22A75 /* Resources */,
				76A98AF75663742D14B1A408 /* [CP] Embed Pods Frameworks */,
			);
			buildRules = (
			);
			dependencies = (
			);
			name = Instagram;
			productName = Instagram;
			productReference = 873199E62A89E7A600A22A75 /* Instagram.app */;
			productType = "com.apple.product-type.application";
		};
/* End PBXNativeTarget section */

/* Begin PBXProject section */
		873199DE2A89E7A600A22A75 /* Project object */ = {
			isa = PBXProject;
			attributes = {
				BuildIndependentTargetsInParallel = 1;
				LastSwiftUpdateCheck = 1430;
				LastUpgradeCheck = 1430;
				TargetAttributes = {
					873199E52A89E7A600A22A75 = {
						CreatedOnToolsVersion = 14.3.1;
					};
				};
			};
			buildConfigurationList = 873199E12A89E7A600A22A75 /* Build configuration list for PBXProject "Instagram" */;
			compatibilityVersion = "Xcode 14.0";
			developmentRegion = en;
			hasScannedForEncodings = 0;
			knownRegions = (
				en,
				Base,
			);
			mainGroup = 873199DD2A89E7A600A22A75;
			productRefGroup = 873199E72A89E7A600A22A75 /* Products */;
			projectDirPath = "";
			projectRoot = "";
			targets = (
				873199E52A89E7A600A22A75 /* Instagram */,
			);
		};
/* End PBXProject section */

/* Begin PBXResourcesBuildPhase section */
		873199E42A89E7A600A22A75 /* Resources */ = {
			isa = PBXResourcesBuildPhase;
			buildActionMask = 2147483647;
			files = (
				875A923F2A8B54000048970C /* GoogleService-Info.plist in Resources */,
				873199F62A89E7A700A22A75 /* LaunchScreen.storyboard in Resources */,
				873199F32A89E7A700A22A75 /* Assets.xcassets in Resources */,
				873199F12A89E7A600A22A75 /* Main.storyboard in Resources */,
			);
			runOnlyForDeploymentPostprocessing = 0;
		};
/* End PBXResourcesBuildPhase section */

/* Begin PBXShellScriptBuildPhase section */
		6291A092FD41B9CFFE4BCC33 /* [CP] Check Pods Manifest.lock */ = {
			isa = PBXShellScriptBuildPhase;
			buildActionMask = 2147483647;
			files = (
			);
			inputFileListPaths = (
			);
			inputPaths = (
				"${PODS_PODFILE_DIR_PATH}/Podfile.lock",
				"${PODS_ROOT}/Manifest.lock",
			);
			name = "[CP] Check Pods Manifest.lock";
			outputFileListPaths = (
			);
			outputPaths = (
				"$(DERIVED_FILE_DIR)/Pods-Instagram-checkManifestLockResult.txt",
			);
			runOnlyForDeploymentPostprocessing = 0;
			shellPath = /bin/sh;
			shellScript = "diff \"${PODS_PODFILE_DIR_PATH}/Podfile.lock\" \"${PODS_ROOT}/Manifest.lock\" > /dev/null\nif [ $? != 0 ] ; then\n    # print error to STDERR\n    echo \"error: The sandbox is not in sync with the Podfile.lock. Run 'pod install' or update your CocoaPods installation.\" >&2\n    exit 1\nfi\n# This output is used by Xcode 'outputs' to avoid re-running this script phase.\necho \"SUCCESS\" > \"${SCRIPT_OUTPUT_FILE_0}\"\n";
			showEnvVarsInLog = 0;
		};
		76A98AF75663742D14B1A408 /* [CP] Embed Pods Frameworks */ = {
			isa = PBXShellScriptBuildPhase;
			buildActionMask = 2147483647;
			files = (
			);
			inputFileListPaths = (
				"${PODS_ROOT}/Target Support Files/Pods-Instagram/Pods-Instagram-frameworks-${CONFIGURATION}-input-files.xcfilelist",
			);
			name = "[CP] Embed Pods Frameworks";
			outputFileListPaths = (
				"${PODS_ROOT}/Target Support Files/Pods-Instagram/Pods-Instagram-frameworks-${CONFIGURATION}-output-files.xcfilelist",
			);
			runOnlyForDeploymentPostprocessing = 0;
			shellPath = /bin/sh;
			shellScript = "\"${PODS_ROOT}/Target Support Files/Pods-Instagram/Pods-Instagram-frameworks.sh\"\n";
			showEnvVarsInLog = 0;
		};
/* End PBXShellScriptBuildPhase section */

/* Begin PBXSourcesBuildPhase section */
		873199E22A89E7A600A22A75 /* Sources */ = {
			isa = PBXSourcesBuildPhase;
			buildActionMask = 2147483647;
			files = (
				87319A142A89F8AE00A22A75 /* EditProfileViewController.swift in Sources */,
				87319A032A89F5E900A22A75 /* ExploreViewController.swift in Sources */,
				87319A052A89F65E00A22A75 /* CameraViewController.swift in Sources */,
				87319A072A89F66F00A22A75 /* NotificationViewController.swift in Sources */,
				87319A102A89F7F300A22A75 /* RegistrationViewController.swift in Sources */,
				87319A1E2A89FA8400A22A75 /* PostEditorViewController.swift in Sources */,
				87319A122A89F89700A22A75 /* PostViewController.swift in Sources */,
				873199EE2A89E7A600A22A75 /* HomeViewController.swift in Sources */,
				87319A1C2A89F91E00A22A75 /* SearchResultViewController.swift in Sources */,
				87319A0E2A89F7E300A22A75 /* LoginViewController.swift in Sources */,
				87319A1A2A89F8FF00A22A75 /* SearchViewController.swift in Sources */,
				87319A092A89F69B00A22A75 /* ProfileViewController.swift in Sources */,
				873199EA2A89E7A600A22A75 /* AppDelegate.swift in Sources */,
				873199EC2A89E7A600A22A75 /* SceneDelegate.swift in Sources */,
				87319A202A89FA9800A22A75 /* PublishPostsViewController.swift in Sources */,
				87319A182A89F8EE00A22A75 /* ListViewController.swift in Sources */,
				87319A162A89F8D300A22A75 /* SettingsViewController.swift in Sources */,
			);
			runOnlyForDeploymentPostprocessing = 0;
		};
/* End PBXSourcesBuildPhase section */

/* Begin PBXVariantGroup section */
		873199EF2A89E7A600A22A75 /* Main.storyboard */ = {
			isa = PBXVariantGroup;
			children = (
				873199F02A89E7A600A22A75 /* Base */,
			);
			name = Main.storyboard;
			sourceTree = "<group>";
		};
		873199F42A89E7A700A22A75 /* LaunchScreen.storyboard */ = {
			isa = PBXVariantGroup;
			children = (
				873199F52A89E7A700A22A75 /* Base */,
			);
			name = LaunchScreen.storyboard;
			sourceTree = "<group>";
		};
/* End PBXVariantGroup section */

/* Begin XCBuildConfiguration section */
		873199F82A89E7A700A22A75 /* Debug */ = {
			isa = XCBuildConfiguration;
			buildSettings = {
				ALWAYS_SEARCH_USER_PATHS = NO;
				CLANG_ANALYZER_NONNULL = YES;
				CLANG_ANALYZER_NUMBER_OBJECT_CONVERSION = YES_AGGRESSIVE;
				CLANG_CXX_LANGUAGE_STANDARD = "gnu++20";
				CLANG_ENABLE_MODULES = YES;
				CLANG_ENABLE_OBJC_ARC = YES;
				CLANG_ENABLE_OBJC_WEAK = YES;
				CLANG_WARN_BLOCK_CAPTURE_AUTORELEASING = YES;
				CLANG_WARN_BOOL_CONVERSION = YES;
				CLANG_WARN_COMMA = YES;
				CLANG_WARN_CONSTANT_CONVERSION = YES;
				CLANG_WARN_DEPRECATED_OBJC_IMPLEMENTATIONS = YES;
				CLANG_WARN_DIRECT_OBJC_ISA_USAGE = YES_ERROR;
				CLANG_WARN_DOCUMENTATION_COMMENTS = YES;
				CLANG_WARN_EMPTY_BODY = YES;
				CLANG_WARN_ENUM_CONVERSION = YES;
				CLANG_WARN_INFINITE_RECURSION = YES;
				CLANG_WARN_INT_CONVERSION = YES;
				CLANG_WARN_NON_LITERAL_NULL_CONVERSION = YES;
				CLANG_WARN_OBJC_IMPLICIT_RETAIN_SELF = YES;
				CLANG_WARN_OBJC_LITERAL_CONVERSION = YES;
				CLANG_WARN_OBJC_ROOT_CLASS = YES_ERROR;
				CLANG_WARN_QUOTED_INCLUDE_IN_FRAMEWORK_HEADER = YES;
				CLANG_WARN_RANGE_LOOP_ANALYSIS = YES;
				CLANG_WARN_STRICT_PROTOTYPES = YES;
				CLANG_WARN_SUSPICIOUS_MOVE = YES;
				CLANG_WARN_UNGUARDED_AVAILABILITY = YES_AGGRESSIVE;
				CLANG_WARN_UNREACHABLE_CODE = YES;
				CLANG_WARN__DUPLICATE_METHOD_MATCH = YES;
				COPY_PHASE_STRIP = NO;
				DEBUG_INFORMATION_FORMAT = dwarf;
				ENABLE_STRICT_OBJC_MSGSEND = YES;
				ENABLE_TESTABILITY = YES;
				GCC_C_LANGUAGE_STANDARD = gnu11;
				GCC_DYNAMIC_NO_PIC = NO;
				GCC_NO_COMMON_BLOCKS = YES;
				GCC_OPTIMIZATION_LEVEL = 0;
				GCC_PREPROCESSOR_DEFINITIONS = (
					"DEBUG=1",
					"$(inherited)",
				);
				GCC_WARN_64_TO_32_BIT_CONVERSION = YES;
				GCC_WARN_ABOUT_RETURN_TYPE = YES_ERROR;
				GCC_WARN_UNDECLARED_SELECTOR = YES;
				GCC_WARN_UNINITIALIZED_AUTOS = YES_AGGRESSIVE;
				GCC_WARN_UNUSED_FUNCTION = YES;
				GCC_WARN_UNUSED_VARIABLE = YES;
				IPHONEOS_DEPLOYMENT_TARGET = 16.4;
				MTL_ENABLE_DEBUG_INFO = INCLUDE_SOURCE;
				MTL_FAST_MATH = YES;
				ONLY_ACTIVE_ARCH = YES;
				SDKROOT = iphoneos;
				SWIFT_ACTIVE_COMPILATION_CONDITIONS = DEBUG;
				SWIFT_OPTIMIZATION_LEVEL = "-Onone";
			};
			name = Debug;
		};
		873199F92A89E7A700A22A75 /* Release */ = {
			isa = XCBuildConfiguration;
			buildSettings = {
				ALWAYS_SEARCH_USER_PATHS = NO;
				CLANG_ANALYZER_NONNULL = YES;
				CLANG_ANALYZER_NUMBER_OBJECT_CONVERSION = YES_AGGRESSIVE;
				CLANG_CXX_LANGUAGE_STANDARD = "gnu++20";
				CLANG_ENABLE_MODULES = YES;
				CLANG_ENABLE_OBJC_ARC = YES;
				CLANG_ENABLE_OBJC_WEAK = YES;
				CLANG_WARN_BLOCK_CAPTURE_AUTORELEASING = YES;
				CLANG_WARN_BOOL_CONVERSION = YES;
				CLANG_WARN_COMMA = YES;
				CLANG_WARN_CONSTANT_CONVERSION = YES;
				CLANG_WARN_DEPRECATED_OBJC_IMPLEMENTATIONS = YES;
				CLANG_WARN_DIRECT_OBJC_ISA_USAGE = YES_ERROR;
				CLANG_WARN_DOCUMENTATION_COMMENTS = YES;
				CLANG_WARN_EMPTY_BODY = YES;
				CLANG_WARN_ENUM_CONVERSION = YES;
				CLANG_WARN_INFINITE_RECURSION = YES;
				CLANG_WARN_INT_CONVERSION = YES;
				CLANG_WARN_NON_LITERAL_NULL_CONVERSION = YES;
				CLANG_WARN_OBJC_IMPLICIT_RETAIN_SELF = YES;
				CLANG_WARN_OBJC_LITERAL_CONVERSION = YES;
				CLANG_WARN_OBJC_ROOT_CLASS = YES_ERROR;
				CLANG_WARN_QUOTED_INCLUDE_IN_FRAMEWORK_HEADER = YES;
				CLANG_WARN_RANGE_LOOP_ANALYSIS = YES;
				CLANG_WARN_STRICT_PROTOTYPES = YES;
				CLANG_WARN_SUSPICIOUS_MOVE = YES;
				CLANG_WARN_UNGUARDED_AVAILABILITY = YES_AGGRESSIVE;
				CLANG_WARN_UNREACHABLE_CODE = YES;
				CLANG_WARN__DUPLICATE_METHOD_MATCH = YES;
				COPY_PHASE_STRIP = NO;
				DEBUG_INFORMATION_FORMAT = "dwarf-with-dsym";
				ENABLE_NS_ASSERTIONS = NO;
				ENABLE_STRICT_OBJC_MSGSEND = YES;
				GCC_C_LANGUAGE_STANDARD = gnu11;
				GCC_NO_COMMON_BLOCKS = YES;
				GCC_WARN_64_TO_32_BIT_CONVERSION = YES;
				GCC_WARN_ABOUT_RETURN_TYPE = YES_ERROR;
				GCC_WARN_UNDECLARED_SELECTOR = YES;
				GCC_WARN_UNINITIALIZED_AUTOS = YES_AGGRESSIVE;
				GCC_WARN_UNUSED_FUNCTION = YES;
				GCC_WARN_UNUSED_VARIABLE = YES;
				IPHONEOS_DEPLOYMENT_TARGET = 16.4;
				MTL_ENABLE_DEBUG_INFO = NO;
				MTL_FAST_MATH = YES;
				SDKROOT = iphoneos;
				SWIFT_COMPILATION_MODE = wholemodule;
				SWIFT_OPTIMIZATION_LEVEL = "-O";
				VALIDATE_PRODUCT = YES;
			};
			name = Release;
		};
		873199FB2A89E7A700A22A75 /* Debug */ = {
			isa = XCBuildConfiguration;
			baseConfigurationReference = C41EB25E8C5665B153843456 /* Pods-Instagram.debug.xcconfig */;
			buildSettings = {
				ASSETCATALOG_COMPILER_APPICON_NAME = AppIcon;
				ASSETCATALOG_COMPILER_GLOBAL_ACCENT_COLOR_NAME = AccentColor;
				CODE_SIGN_STYLE = Automatic;
				CURRENT_PROJECT_VERSION = 1;
				DEVELOPMENT_TEAM = V295X7TJF4;
				GENERATE_INFOPLIST_FILE = YES;
				INFOPLIST_FILE = Instagram/Info.plist;
				INFOPLIST_KEY_UIApplicationSupportsIndirectInputEvents = YES;
				INFOPLIST_KEY_UILaunchStoryboardName = LaunchScreen;
				INFOPLIST_KEY_UIMainStoryboardFile = Main;
				INFOPLIST_KEY_UISupportedInterfaceOrientations_iPad = "UIInterfaceOrientationPortrait UIInterfaceOrientationPortraitUpsideDown UIInterfaceOrientationLandscapeLeft UIInterfaceOrientationLandscapeRight";
				INFOPLIST_KEY_UISupportedInterfaceOrientations_iPhone = "UIInterfaceOrientationPortrait UIInterfaceOrientationLandscapeLeft UIInterfaceOrientationLandscapeRight";
				LD_RUNPATH_SEARCH_PATHS = (
					"$(inherited)",
					"@executable_path/Frameworks",
				);
				MARKETING_VERSION = 1.0;
				PRODUCT_BUNDLE_IDENTIFIER = com.ajin.Instagram;
				PRODUCT_NAME = "$(TARGET_NAME)";
				SWIFT_EMIT_LOC_STRINGS = YES;
				SWIFT_VERSION = 5.0;
				TARGETED_DEVICE_FAMILY = "1,2";
			};
			name = Debug;
		};
		873199FC2A89E7A700A22A75 /* Release */ = {
			isa = XCBuildConfiguration;
			baseConfigurationReference = C98923646CE0E50971FE5B44 /* Pods-Instagram.release.xcconfig */;
			buildSettings = {
				ASSETCATALOG_COMPILER_APPICON_NAME = AppIcon;
				ASSETCATALOG_COMPILER_GLOBAL_ACCENT_COLOR_NAME = AccentColor;
				CODE_SIGN_STYLE = Automatic;
				CURRENT_PROJECT_VERSION = 1;
				DEVELOPMENT_TEAM = V295X7TJF4;
				GENERATE_INFOPLIST_FILE = YES;
				INFOPLIST_FILE = Instagram/Info.plist;
				INFOPLIST_KEY_UIApplicationSupportsIndirectInputEvents = YES;
				INFOPLIST_KEY_UILaunchStoryboardName = LaunchScreen;
				INFOPLIST_KEY_UIMainStoryboardFile = Main;
				INFOPLIST_KEY_UISupportedInterfaceOrientations_iPad = "UIInterfaceOrientationPortrait UIInterfaceOrientationPortraitUpsideDown UIInterfaceOrientationLandscapeLeft UIInterfaceOrientationLandscapeRight";
				INFOPLIST_KEY_UISupportedInterfaceOrientations_iPhone = "UIInterfaceOrientationPortrait UIInterfaceOrientationLandscapeLeft UIInterfaceOrientationLandscapeRight";
				LD_RUNPATH_SEARCH_PATHS = (
					"$(inherited)",
					"@executable_path/Frameworks",
				);
				MARKETING_VERSION = 1.0;
				PRODUCT_BUNDLE_IDENTIFIER = com.ajin.Instagram;
				PRODUCT_NAME = "$(TARGET_NAME)";
				SWIFT_EMIT_LOC_STRINGS = YES;
				SWIFT_VERSION = 5.0;
				TARGETED_DEVICE_FAMILY = "1,2";
			};
			name = Release;
		};
/* End XCBuildConfiguration section */

/* Begin XCConfigurationList section */
		873199E12A89E7A600A22A75 /* Build configuration list for PBXProject "Instagram" */ = {
			isa = XCConfigurationList;
			buildConfigurations = (
				873199F82A89E7A700A22A75 /* Debug */,
				873199F92A89E7A700A22A75 /* Release */,
			);
			defaultConfigurationIsVisible = 0;
			defaultConfigurationName = Release;
		};
		873199FA2A89E7A700A22A75 /* Build configuration list for PBXNativeTarget "Instagram" */ = {
			isa = XCConfigurationList;
			buildConfigurations = (
				873199FB2A89E7A700A22A75 /* Debug */,
				873199FC2A89E7A700A22A75 /* Release */,
			);
			defaultConfigurationIsVisible = 0;
			defaultConfigurationName = Release;
		};
/* End XCConfigurationList section */
	};
	rootObject = 873199DE2A89E7A600A22A75 /* Project object */;
}
